
Microsoft Visual Studio Solution File, Format Version 12.00
# Visual Studio Version 16
VisualStudioVersion = 16.0.30621.155
MinimumVisualStudioVersion = 10.0.40219.1
Project("{2150E333-8FDC-42A3-9474-1A3956D46DE8}") = "Application", "Application", "{7F2DAF1E-0C81-474C-84EF-DADA297E9874}"
EndProject
Project("{2150E333-8FDC-42A3-9474-1A3956D46DE8}") = "Domain", "Domain", "{8EBAB6A1-072A-40D5-8B62-AE471E21E0CF}"
EndProject
Project("{2150E333-8FDC-42A3-9474-1A3956D46DE8}") = "Infrastructure.Data", "Infrastructure.Data", "{9A77AC7C-9442-4E4F-9915-2F654F5F857A}"
EndProject
Project("{2150E333-8FDC-42A3-9474-1A3956D46DE8}") = "Infrastructure.IoC", "Infrastructure.IoC", "{CA2A5FE6-63A2-4357-ABC1-D31F52418E32}"
EndProject
Project("{2150E333-8FDC-42A3-9474-1A3956D46DE8}") = "Presentation", "Presentation", "{B5243940-F624-4CE2-B384-DF3B1E535562}"
EndProject
Project("{2150E333-8FDC-42A3-9474-1A3956D46DE8}") = "Tests", "Tests", "{E3085A50-5DD1-4708-BEE5-C3BFD9ECBCDC}"
EndProject
Project("{9A19103F-16F7-4668-BE54-9A1E7A4F7556}") = "JPSAGE-ERP.Infrastructure.Data", "JPSAGE-ERP.Infrastructure.Data\JPSAGE-ERP.Infrastructure.Data.csproj", "{DC804711-3261-4F6A-A727-FC15A7784A70}"
EndProject
Project("{9A19103F-16F7-4668-BE54-9A1E7A4F7556}") = "JPSAGE-ERP.Domain", "JPSAGE-ERP.Domain\JPSAGE-ERP.Domain.csproj", "{0BC1836E-842E-46E2-9E2B-8657014E5E19}"
EndProject
Project("{9A19103F-16F7-4668-BE54-9A1E7A4F7556}") = "JPSAGE-ERP.WebAPI", "JPSAGE-ERP.WebAPI\JPSAGE-ERP.WebAPI.csproj", "{4D1D1D17-BB08-46F9-B157-621C80903BE7}"
EndProject
Project("{9A19103F-16F7-4668-BE54-9A1E7A4F7556}") = "JPSAGE-ERP.Application", "JPSAGE-ERP.Application\JPSAGE-ERP.Application.csproj", "{B00146FE-072B-42BB-BD9B-3E1C8EE1AA6F}"
EndProject
Project("{9A19103F-16F7-4668-BE54-9A1E7A4F7556}") = "JPSAGE-ERP.Infrastructure.IoC", "JPSAGE-ERP.Infrastructure.IoC\JPSAGE-ERP.Infrastructure.IoC.csproj", "{E9B59139-0F11-474C-AADE-4B8B8B5C92A4}"
EndProject
Project("{9A19103F-16F7-4668-BE54-9A1E7A4F7556}") = "JPSAGE-ERP.XUnitTest", "JPSAGE-ERP.XUnitTest\JPSAGE-ERP.XUnitTest.csproj", "{B819A06C-0F64-42BB-9850-37A1C06E197F}"
EndProject
Global
	GlobalSection(SolutionConfigurationPlatforms) = preSolution
		Debug|Any CPU = Debug|Any CPU
		Release|Any CPU = Release|Any CPU
	EndGlobalSection
	GlobalSection(ProjectConfigurationPlatforms) = postSolution
		{DC804711-3261-4F6A-A727-FC15A7784A70}.Debug|Any CPU.ActiveCfg = Debug|Any CPU
		{DC804711-3261-4F6A-A727-FC15A7784A70}.Debug|Any CPU.Build.0 = Debug|Any CPU
		{DC804711-3261-4F6A-A727-FC15A7784A70}.Release|Any CPU.ActiveCfg = Release|Any CPU
		{DC804711-3261-4F6A-A727-FC15A7784A70}.Release|Any CPU.Build.0 = Release|Any CPU
		{0BC1836E-842E-46E2-9E2B-8657014E5E19}.Debug|Any CPU.ActiveCfg = Debug|Any CPU
		{0BC1836E-842E-46E2-9E2B-8657014E5E19}.Debug|Any CPU.Build.0 = Debug|Any CPU
		{0BC1836E-842E-46E2-9E2B-8657014E5E19}.Release|Any CPU.ActiveCfg = Release|Any CPU
		{0BC1836E-842E-46E2-9E2B-8657014E5E19}.Release|Any CPU.Build.0 = Release|Any CPU
		{4D1D1D17-BB08-46F9-B157-621C80903BE7}.Debug|Any CPU.ActiveCfg = Debug|Any CPU
		{4D1D1D17-BB08-46F9-B157-621C80903BE7}.Debug|Any CPU.Build.0 = Debug|Any CPU
		{4D1D1D17-BB08-46F9-B157-621C80903BE7}.Release|Any CPU.ActiveCfg = Release|Any CPU
		{4D1D1D17-BB08-46F9-B157-621C80903BE7}.Release|Any CPU.Build.0 = Release|Any CPU
		{B00146FE-072B-42BB-BD9B-3E1C8EE1AA6F}.Debug|Any CPU.ActiveCfg = Debug|Any CPU
		{B00146FE-072B-42BB-BD9B-3E1C8EE1AA6F}.Debug|Any CPU.Build.0 = Debug|Any CPU
		{B00146FE-072B-42BB-BD9B-3E1C8EE1AA6F}.Release|Any CPU.ActiveCfg = Release|Any CPU
		{B00146FE-072B-42BB-BD9B-3E1C8EE1AA6F}.Release|Any CPU.Build.0 = Release|Any CPU
		{E9B59139-0F11-474C-AADE-4B8B8B5C92A4}.Debug|Any CPU.ActiveCfg = Debug|Any CPU
		{E9B59139-0F11-474C-AADE-4B8B8B5C92A4}.Debug|Any CPU.Build.0 = Debug|Any CPU
		{E9B59139-0F11-474C-AADE-4B8B8B5C92A4}.Release|Any CPU.ActiveCfg = Release|Any CPU
		{E9B59139-0F11-474C-AADE-4B8B8B5C92A4}.Release|Any CPU.Build.0 = Release|Any CPU
		{B819A06C-0F64-42BB-9850-37A1C06E197F}.Debug|Any CPU.ActiveCfg = Debug|Any CPU
		{B819A06C-0F64-42BB-9850-37A1C06E197F}.Debug|Any CPU.Build.0 = Debug|Any CPU
		{B819A06C-0F64-42BB-9850-37A1C06E197F}.Release|Any CPU.ActiveCfg = Release|Any CPU
		{B819A06C-0F64-42BB-9850-37A1C06E197F}.Release|Any CPU.Build.0 = Release|Any CPU
	EndGlobalSection
	GlobalSection(SolutionProperties) = preSolution
		HideSolutionNode = FALSE
	EndGlobalSection
	GlobalSection(NestedProjects) = preSolution
		{DC804711-3261-4F6A-A727-FC15A7784A70} = {9A77AC7C-9442-4E4F-9915-2F654F5F857A}
		{0BC1836E-842E-46E2-9E2B-8657014E5E19} = {8EBAB6A1-072A-40D5-8B62-AE471E21E0CF}
		{4D1D1D17-BB08-46F9-B157-621C80903BE7} = {B5243940-F624-4CE2-B384-DF3B1E535562}
		{B00146FE-072B-42BB-BD9B-3E1C8EE1AA6F} = {7F2DAF1E-0C81-474C-84EF-DADA297E9874}
		{E9B59139-0F11-474C-AADE-4B8B8B5C92A4} = {CA2A5FE6-63A2-4357-ABC1-D31F52418E32}
		{B819A06C-0F64-42BB-9850-37A1C06E197F} = {E3085A50-5DD1-4708-BEE5-C3BFD9ECBCDC}
	EndGlobalSection
	GlobalSection(ExtensibilityGlobals) = postSolution
		SolutionGuid = {0890A10B-CF0B-4302-B8C1-15B1B2B0D917}
	EndGlobalSection
EndGlobal
